<?xml version="1.0" encoding="utf-8"?>
<Project ToolsVersion="4.0" xmlns="http://schemas.microsoft.com/developer/msbuild/2003">
  <ItemGroup>
    <Filter Include="JaimeEngine">
      <UniqueIdentifier>{A1E2F766-0D98-705C-968C-6A3302416760}</UniqueIdentifier>
    </Filter>
    <Filter Include="JaimeEngine\Events">
      <UniqueIdentifier>{652FE289-5113-A3DF-BA73-9D32A6768D61}</UniqueIdentifier>
    </Filter>
    <Filter Include="Platform">
      <UniqueIdentifier>{2AC788B4-1694-E3BF-3FAD-D1672BD9184E}</UniqueIdentifier>
    </Filter>
    <Filter Include="Platform\Windows">
      <UniqueIdentifier>{64FBD71A-50F4-F66C-7926-DCF1657ED678}</UniqueIdentifier>
    </Filter>
  </ItemGroup>
  <ItemGroup>
    <ClInclude Include="src\JaimeEngine.h" />
    <ClInclude Include="src\JaimeEngine\Application.h">
      <Filter>JaimeEngine</Filter>
    </ClInclude>
    <ClInclude Include="src\JaimeEngine\Core.h">
      <Filter>JaimeEngine</Filter>
    </ClInclude>
    <ClInclude Include="src\JaimeEngine\EntryPoint.h">
      <Filter>JaimeEngine</Filter>
    </ClInclude>
    <ClInclude Include="src\JaimeEngine\Events\ApplicationEvent.h">
      <Filter>JaimeEngine\Events</Filter>
    </ClInclude>
    <ClInclude Include="src\JaimeEngine\Events\Event.h">
      <Filter>JaimeEngine\Events</Filter>
    </ClInclude>
    <ClInclude Include="src\JaimeEngine\Events\KeyEvent.h">
      <Filter>JaimeEngine\Events</Filter>
    </ClInclude>
    <ClInclude Include="src\JaimeEngine\Events\MouseEvent.h">
      <Filter>JaimeEngine\Events</Filter>
    </ClInclude>
    <ClInclude Include="src\JaimeEngine\Log.h">
      <Filter>JaimeEngine</Filter>
    </ClInclude>
    <ClInclude Include="src\JaimeEngine\Window.h">
      <Filter>JaimeEngine</Filter>
    </ClInclude>
    <ClInclude Include="src\Platform\Windows\WindowsWindow.h">
      <Filter>Platform\Windows</Filter>
    </ClInclude>
    <ClInclude Include="src\jepch.h" />
  </ItemGroup>
  <ItemGroup>
    <ClCompile Include="src\JaimeEngine\Application.cpp">
      <Filter>JaimeEngine</Filter>
    </ClCompile>
    <ClCompile Include="src\JaimeEngine\Log.cpp">
      <Filter>JaimeEngine</Filter>
    </ClCompile>
    <ClCompile Include="src\Platform\Windows\WindowsWindow.cpp">
      <Filter>Platform\Windows</Filter>
    </ClCompile>
    <ClCompile Include="src\jepch.cpp" />
  </ItemGroup>
</Project>